
Microsoft Visual Studio Solution File, Format Version 12.00
# Visual Studio Version 17
VisualStudioVersion = 17.5.33516.290
MinimumVisualStudioVersion = 10.0.40219.1
Project("{9A19103F-16F7-4668-BE54-9A1E7A4F7556}") = "dotNet-middleware_DI_filter-attributes", "Middleware\dotNet-middleware_DI_filter-attributes.csproj", "{4547E6F5-3AAF-4661-A3CB-F40A5B4636B7}"
EndProject
Global
	GlobalSection(SolutionConfigurationPlatforms) = preSolution
		Debug|Any CPU = Debug|Any CPU
		Release|Any CPU = Release|Any CPU
	EndGlobalSection
	GlobalSection(ProjectConfigurationPlatforms) = postSolution
		{4547E6F5-3AAF-4661-A3CB-F40A5B4636B7}.Debug|Any CPU.ActiveCfg = Debug|Any CPU
		{4547E6F5-3AAF-4661-A3CB-F40A5B4636B7}.Debug|Any CPU.Build.0 = Debug|Any CPU
		{4547E6F5-3AAF-4661-A3CB-F40A5B4636B7}.Release|Any CPU.ActiveCfg = Release|Any CPU
		{4547E6F5-3AAF-4661-A3CB-F40A5B4636B7}.Release|Any CPU.Build.0 = Release|Any CPU
	EndGlobalSection
	GlobalSection(SolutionProperties) = preSolution
		HideSolutionNode = FALSE
	EndGlobalSection
	GlobalSection(ExtensibilityGlobals) = postSolution
		SolutionGuid = {30A76990-A6CE-498E-AD5C-C338C001F31E}
	EndGlobalSection
EndGlobal
